{
    "_meta": {
        "hash": {
            "sha256": "f0eea444cd0e9c6510f717eadc9e0192d99cf645138fb03bbd9efdc79feef32d"
        },
        "pipfile-spec": 6,
        "requires": {
            "python_version": "3.6"
        },
        "sources": [
            {
                "name": "pypi",
                "url": "https://pypi.python.org/simple",
                "verify_ssl": true
            }
        ]
    },
    "default": {
        "babel": {
            "hashes": [
                "sha256:3318ed2960240d61cbc6558858ee00c10eed77a6508c4d1ed8e6f7f48399c975",
                "sha256:c535c4403802f6eb38173cd4863e419e2274921a01a8aad8a5b497c131c62875"
            ],
            "index": "pypi",
            "version": "==2.3.4"
        },
        "beautifulsoup4": {
            "hashes": [
                "sha256:11a9a27b7d3bddc6d86f59fb76afb70e921a25ac2d6cc55b40d072bd68435a76",
                "sha256:7015e76bf32f1f574636c4288399a6de66ce08fb7b2457f628a8d70c0fbabb11",
                "sha256:808b6ac932dccb0a4126558f7dfdcf41710dd44a4ef497a0bb59a77f9f078e89"
            ],
            "version": "==4.6.0"
        },
        "decorator": {
            "hashes": [
                "sha256:5aff536ed9a65c99e8465c774d5859e56e52300aea0a5012c7a1c4a781fbdddb",
                "sha256:9c6e98edcb33499881b86ede07d9968c81ab7c769e28e9af24075f0a5379f070"
            ],
            "index": "pypi",
            "version": "==4.0.10"
        },
        "docutils": {
            "hashes": [
                "sha256:c7db717810ab6965f66c8cf0398a98c9d8df982da39b4cd7f162911eb89596fa",
                "sha256:dcebd4928112631626f4c4d0df59787c748404e66dda952110030ea883d3b8cd"
            ],
            "index": "pypi",
            "version": "==0.12"
        },
        "ebaysdk": {
            "hashes": [
                "sha256:78458e1ea4a0fc7d693c26de363069696393767e4aa9689fd38efbfb08409acd"
            ],
            "index": "pypi",
            "version": "==2.1.5"
        },
        "feedparser": {
            "hashes": [
                "sha256:bd030652c2d08532c034c27fcd7c85868e7fa3cb2b17f230a44a6bbc92519bf9",
                "sha256:cd2485472e41471632ed3029d44033ee420ad0b57111db95c240c9160a85831c",
                "sha256:ce875495c90ebd74b179855449040003a1beb40cd13d5f037a0654251e260b02"
            ],
            "index": "pypi",
            "version": "==5.2.1"
        },
        "gevent": {
            "hashes": [
                "sha256:192439e55f6f99215ba98f95c53cf990b8380858d195d8c84ad60eb55ef4161b",
                "sha256:26a622ad8da282b0fea17f3800bfc4eae9be89a53c22ffba5a2b357278b8f8e8",
                "sha256:2af2b6eae04ccfa0766a135c31056c92a127ebcb172858880d8309a9e57f52d8",
                "sha256:2cb985038826eb353f5759dda2ec7bca581abf4e5c2e90b95ddb5d976dc785e6",
                "sha256:2f578b4469cbd2c5a59f353dacb81f8435b54afe4ec706c6155900aff39e8a12",
                "sha256:2feb3fddc0240373bfc0176d7625cb667132beef18009bf7101216baafd136e9",
                "sha256:3963faca1c5e175fdcfeec3ee7116f3d8082be2f94e096871e9b08da10fa4c25",
                "sha256:3c43de92658eb4723572cd7e543340943e96bf4666f92a819d36f93653c39d15",
                "sha256:4552cc8ffefd4c5301ba75ac2720befb0001bc134e4e8c28475e96992e513300",
                "sha256:468bc2aea02aa1963bd0c73803f0378530f60af8fc93a576d0ca79285d60e833",
                "sha256:58bdc8d1ca56e3dab833c2e2098a9afa98d0ff0f738c63e896138289c2a08b5e",
                "sha256:7188cbec74276e42ea0671ad479e4209f9f12d82bc542d21217a09f759e647e3",
                "sha256:720574505391b0f0817b092edfcbb97938d6d407ce912444a92267dab763eb8e",
                "sha256:7d8e8ff35decff1c70fd55959e74e5067505862828d875250a840d8031bf48c2",
                "sha256:911ebb03dee09e841d0f7ee367b1b8380f8918b3e30c3a822bc41599ae74d2a3",
                "sha256:9ce82526317a1279de2997e5da2744342ff0bd1459a14d75e749350966ae1e17",
                "sha256:a24fb153e3c65d025c065b140e39998d483d4df6887b02503ba66debf32b49d6",
                "sha256:a4ce00048808d3c2ee7e8c83860595b0d2090724770e499056aec1c8947bd2d1",
                "sha256:a51f414f22f31a110823ff0365cb088dc3317a06227c85033d8523dd619ada72",
                "sha256:bd0c6dcc30ec8014426e61a2cc429c7fcbcc26bd7b682bd590d31fce2d2bd843",
                "sha256:c7f86e297b8ffff7e101993980062f053ebda92ed8c40ab3a9c53c50ff9ef408",
                "sha256:ca934dc30f26e84c79e483db4de433702283ff02344d029635730ff9e7c1d416",
                "sha256:cb15cf73d69a2eeefed330858f09634e2c50bf46da9f9e7635730fcfb872c02c",
                "sha256:d072a29ca28bb84d9433434e2675c44ca29635c0aa0ed51b1eecf216991fd204",
                "sha256:f403a6b18b3cdb6de4c0140711de690071783433cd0f325c9e46c585497e580c",
                "sha256:f42de31de5f29a11f5480f76c05f3afce80e030333295718efd64bfb823e4e82"
            ],
            "index": "pypi",
            "version": "==1.1.2"
        },
        "greenlet": {
            "hashes": [
                "sha256:1017efcb7c2078f081dc9b505f2fff606e683e672ddea9a7dbd332222c6a0a7c",
                "sha256:12efc20be79d6f5a61257758b0d926ea083e0e93ca9a3f07bd6ebfac37327a9b",
                "sha256:134ec264699eeb76a5fee5d73a3c8766f8d4c5edc12464bb438cb6f3f3bd23e4",
                "sha256:1b537b3144ef518586f7935e3671f0f8195056288936dcd200744f285b7e24ae",
                "sha256:1b6642acde2889c8cef00ef237e28cfdb1e928ea1c7e08d06d67b4a42a73fcff",
                "sha256:1f8bf39807016d97778e12c45510addc6996f965a0b40aa7ecbb28a73ed9861c",
                "sha256:37bcb3e2cf8f67ce6b735b1c50f098c6774f5cf47258de58561e05c639dad356",
                "sha256:3cd07825d98ed834a74821fcd8f1c40d8410b6cf92726dcaaad4b46b440da852",
                "sha256:3d46c7841477136bcdafa1b343c0849d9886845848bd563279608f0644b2598a",
                "sha256:4c5f4908f7c9fb1c4316b45ceabe35985ea79e79336ffe300ddd3f49bf57cbec",
                "sha256:4d89f536490e74691e6e1e232c72d112863d8597f894873c3f452e08f21843e4",
                "sha256:5682764e893e5e6621dd70f11b72993f723953ee3d374650bf9dcea99c04f9c2",
                "sha256:58b07295a5085cff7773d2866510701d5cd955156e5368d7b6c823811e62da9b",
                "sha256:5a8a7402f28f2d7d3829d0e62bb370749bd6e013b6eb40cfe2637b298b2fd25f",
                "sha256:6c717e5fbe2bba8cb885031883dcb55c609ffadb84ef395f91915050d3c84343",
                "sha256:7e5b804e011d605c24662d30cc2e4c8f4896ee4c1d5f2ed5b73accbc3613af5f",
                "sha256:97ee513db7c13ec21ec9b9657e257c2beb491ae8199b058c68d7451a2f6cc27b",
                "sha256:9a98d49f63259b16d3627976b69dd856888a376c498b091c8e9ead56d5098ca8",
                "sha256:a9c2e9ded2ee4d6e17c70d52109a97392a64400b1568108825d1cabf26710b35",
                "sha256:af5fd9bfac0eef3875d6dc4496ba83ed1fb3f802045409a005d08c1ca98cad22",
                "sha256:c4417624aa88380cdf0fe110a8a6e0dbcc26f80887197fe5df0427dfa348ae62",
                "sha256:c6428e6086535231d99c1de464c8a8e2face60d255c4c20dd84379760beb9307",
                "sha256:d0cc137ca44e3664d3d97d7bbba8c77f10b411bdbbe2215c5e7f00f7d5c2af08",
                "sha256:d0e071a6fd2314447827285d33958b76b98090a78267bd7074f5bc10057db3d5",
                "sha256:d32efa985042147e87bc08b6f9bcf5335e0adefefdaf391484c38192e8a707f7",
                "sha256:d549332dbb7351301d081db92c27d5f0f3d4803bd92c415c65c30bf98fbe8fb4",
                "sha256:d9be3514f22439a3fb468aa1b026654f5eafb1b65bd6b0ffe109439ad77adffc",
                "sha256:f4d77939b392bbafbf3eea01169aefe85cb5ffbbd5b9a9d7ef012b01c384df5c",
                "sha256:f97758ca465fd2cf9b3335881b073b3463558e985078f4d8f27941d9626615ea"
            ],
            "index": "pypi",
            "version": "==0.4.10"
        },
        "html2text": {
            "hashes": [
                "sha256:554ef5fd6c6cf6e3e4f725a62a3e9ec86a0e4d33cd0928136d1c79dbeb7b2d55"
            ],
            "index": "pypi",
            "version": "==2016.9.19"
        },
        "jinja2": {
            "hashes": [
                "sha256:1cc03ef32b64be19e0a5b54578dd790906a34943fe9102cfdae0d4495bd536b4",
                "sha256:bc1ff2ff88dbfacefde4ddde471d1417d3b304e8df103a7a9437d47269201bf4"
            ],
            "index": "pypi",
            "version": "==2.8"
        },
        "libsass": {
            "hashes": [
                "sha256:236762af9c693bb72ed92d65ff4a5a77d27af9494b6174fbec7e6308416673b0",
                "sha256:28a490f350d38fa3a16da8a52e5ae685e71c8938a7b87cf2d58aee892f30c756",
                "sha256:2fb999d978e9cc8f7459f8f07a8acf9fc03d6e9fa95fcf98169bf0a5ede81eb6",
                "sha256:38e9b9b08d299793fffa7b5003d473a6c537e495117f2c44787e3437a5e38f90",
                "sha256:55cb32142f8c5f449edcb4baf040b553d59a604c8957aa177d26782a06d0eb6f",
                "sha256:64414697e65da4bfb47f0e11471bf5c79e1dd81e10e2e4b1a70f8ed1cdc33f5b",
                "sha256:815d60626b329db2943c5d331a5b74d36eb2e441047ae2bd6ad8d1b2c14cfc5d",
                "sha256:a1e3f19ef392badcc87ad75d8988b1720a4d4f5a506f2f52ebb781300c57136d",
                "sha256:b064ccedb51b874c725a40f03fc952afd85bd6f5369d41aa74f393ff3388b9e1",
                "sha256:b8f8cf7c5ee16d217541e6b34def3f45286545077301adc4f54e94977fc69c9f",
                "sha256:c3ea0cbb36745b6cc10278539e0bf93a426f2f497306181fc6214193f493b8d5",
                "sha256:cd20479d80cdb49ba7007611d8a9a7004579d54552e010277764c19d82233a51",
                "sha256:cf43ea1a69bab2836fc953e3d73f32d15efdcbf44c6082df36dd12c76ff59322",
                "sha256:d2b77e43726cd658b1bc13f1a2df543dc34c9f945a9144faecc88ca03fe581ff",
                "sha256:ebf413799057a4dd59d85ceb533935f171117565053341e3714e4cb05253bbbf",
                "sha256:ec659d4d2f60d95160e60f7f52d569bf1b29318018b6f07f8706ff6d4bc04de7",
                "sha256:edb366b784c58c635ace69ef392e5ad3a42690aeac80d43521c64e0ee7706331",
                "sha256:ff07c2c55f9d73d9f57cded30138ff99dfbb9fe7fbc71a4bbb43aa067ad2beed"
            ],
            "index": "pypi",
            "version": "==0.12.3"
        },
        "lxml": {
            "hashes": [
                "sha256:06287300f38d450fded69eb8164b200a3b0a1939ca882ea79594df3f2ad35ace",
                "sha256:1c7f6771838300787cfa1bb3ed6512e9dc78e60ecb308a8ed49ac956569c1cca",
                "sha256:35fe32835725e3b68454549f3efc4e05c96b353f7bc1e098b04d90adeb733144",
                "sha256:474793adc51e0187478106523e867ad4f21bc1bdf0dd5d1d157976761a543ca1",
                "sha256:47f0dd2fd55ca8fbc0582280a4e8b7db4c56bf72a89d449a0ad4e4898c88fd7e",
                "sha256:7ae45ce747344f2e4065ed5353853a82ceb51e78465ac4060dc670bfa5fe5ce7",
                "sha256:7b31befd08b7b874515458725f62e186ab4da4ede92d74f9135e3e938f3bece0",
                "sha256:7d2312098ee58dcc2ce84e9767b12fce286b1a6ea081a4f25f4b27e15e9e1eaf",
                "sha256:9ee56165f28da6abe480d4b740548c89a5f1d0687f37c0684ea98b0e614f0aff",
                "sha256:a42b5214945e77f3aaea1588094eaba3256d0b87e9c6092a10ff1a46b879f82e",
                "sha256:a5ec568a33eb727527d0121bed1386b4c786bb11c849f9317c2f0b5192105fb7",
                "sha256:c8fd33bea8f25c55af6d497d7f1c475db78f972afcab360714fd449dafc2d6d1",
                "sha256:d4c7f11ce6e6162210f5a2f43fd028e664f19f850703aefd559654c0d989b2f6",
                "sha256:db8f7a9db45822a734178b43cb3958e5fdddf0863b69cf9d1941829cf2237334",
                "sha256:e576f7c786e56ca3d0cdb9a1cf92f533dd13dabaa2a2b5f688a6db98f41dbdff",
                "sha256:f05d28c0094cb381a5d531cbda8a80618e8d0323b0bf91ba5a996267461be209"
            ],
            "index": "pypi",
            "version": "==3.7.1"
        },
        "mako": {
            "hashes": [
                "sha256:fed99dbe4d0ddb27a33ee4910d8708aca9ef1fe854e668387a9ab9a90cbf9059"
            ],
            "index": "pypi",
            "version": "==1.0.4"
        },
        "mock": {
            "hashes": [
                "sha256:5ce3c71c5545b472da17b72268978914d0252980348636840bd34a00b5cc96c1",
                "sha256:b158b6df76edd239b8208d481dc46b6afd45a846b7812ff0ce58971cf5bc8bba"
            ],
            "index": "pypi",
            "version": "==2.0.0"
        },
        "num2words": {
            "hashes": [
                "sha256:9c15ee58b2e23804c17d7fcf9864601b89ef54f85c5db600f1eb2b2b2709be86"
            ],
            "index": "pypi",
            "version": "==0.5.4"
        },
        "ofxparse": {
            "hashes": [
                "sha256:cca83cd3d5578e7003b53457522c6dbb27832b734dbf869adf585f1547c3a91e"
            ],
            "index": "pypi",
            "version": "==0.16"
        },
        "olefile": {
            "hashes": [
                "sha256:2b6575f5290de8ab1086f8c5490591f7e0885af682c7c1793bdaf6e64078d385"
            ],
            "version": "==0.45.1"
        },
        "passlib": {
            "hashes": [
                "sha256:a83d34f53dc9b17aa42c9a35c3fbcc5120f3fcb07f7f8721ec45e6a27be347fc",
                "sha256:ad631a58dc8abeb0f48016c13f4b3b0f3a7b1045a8cb3c61dd15e2d95b45c472"
            ],
            "index": "pypi",
            "version": "==1.6.5"
        },
        "pbr": {
            "hashes": [
                "sha256:680bf5ba9b28dd56e08eb7c267991a37c7a5f90a92c2e07108829931a50ff80a",
                "sha256:6874feb22334a1e9a515193cba797664e940b763440c88115009ec323a7f2df5"
            ],
            "version": "==4.0.3"
        },
        "pillow": {
            "hashes": [
                "sha256:0122ea0ebc4290f57e5dfe8227885ff3263eeaf57acaf6a1567eb2b74ca8075a",
                "sha256:07f266b0ed3e7abb351f91dd5911c253badb59a48c654b10b12b20537924b6ca",
                "sha256:1b661661db640dffd4f33d8621ccb84e705749b8ce10903b6f5e9661a730d70c",
                "sha256:1d3629a17d9da641912d1ed47d0850d79412e8d28e2703b2fb0b152073ceab55",
                "sha256:20d171b35d0f5a18a300538b77fec2fe1bb1345e81a3eccb44a47a9a289d9006",
                "sha256:22167c477cceeb0d0a078eb8ba5c76ecbde44d7e88d6e6caafadaba0c135207b",
                "sha256:2498f309fdbae5282748e699d3b1358a2edbcf5ed5ed3383b8f3f2fa043abae2",
                "sha256:31b74729177b771295867997283739235f07670a62fd424b9a44a4c063c48507",
                "sha256:3415f11d2928e46e6fd55774960fa57c1646211a6a3556b51d1bc5e66919632a",
                "sha256:34c788be46762a69a7d2015aa14bd20dda4aaf716aa5d5ffeed8a856016ce34b",
                "sha256:3591a273b70fed23a49b3896dc0d9727cb802a80c58737d7244b49341ed47acf",
                "sha256:3623153a144a939f63a2045e221ed98290d95c36237569c51578bf01f65067f7",
                "sha256:394a5342d47b2c188ba5158e161a72fdb6d0f6f54f95f54b0b28189baf580031",
                "sha256:39539a62c0fd00f3aca789964aad74491dafe2dd1b132ceba71c22cb3829f1bc",
                "sha256:3b7b9d9c2cd2564c8552c3bc058a630c48de2fb2b7e28a5d6628e238368026e9",
                "sha256:3eb056415b5a98a9d6a387ed224fa5cf1df34ca4e94d6f04772709af9f0aba73",
                "sha256:43277035bb3054a6c02b8be3c743cd44803d9bcd1db35e1608bec21b4eff7869",
                "sha256:4588f7ef61be580ac9c3e838082d28d63ed1c784a7d899a363d63fe432d52eaa",
                "sha256:577c14825df65afa1698dda6913b7c678427210f02c3a850d81046003004b11a",
                "sha256:5ef1beae4792604081a32668867c042ebb5de596f66490bf49621b6195452bb3",
                "sha256:6adab9c0d524040ad674ab69565f6e0de80fdba63ed05f8b14c21e2a8bb668e5",
                "sha256:6de88d4a99ba1fe545e6e47d1c0626f49eb0f693c92e1dd19ca9d82ff813bd63",
                "sha256:6df335aff243d9bc5e3b68855ef64bc1f16817f4d5dd71ae41563facb3cefdd6",
                "sha256:6df6b68b00ff0e5bd13ef7b45147056dc4493261495efd3f3cb41a49c94d5ee7",
                "sha256:7597581ef84f0662b630353a4d649204f271efa9e48b28da664ff4ed90233a50",
                "sha256:7778ed5f4af2b5b2f7842e5a0000b5279e33cbfdc465a466419005cab205fbfa",
                "sha256:79a5546c72a9715eb0e8bcef2338151fdcb726abcf04500dad4e1168d5260f79",
                "sha256:7bb10602f5aa0f19dd51ca5929ea8af5d1a50d46de2df30f718e0b4268e040d4",
                "sha256:88cdb0057f82886147d8c86088f784099dffaed50890400f4cbfe15e82d0583f",
                "sha256:92dad394e6e7762dc1f2a5eb5fd1a2c3564b54812a717b2fdd755dd60deb60ae",
                "sha256:98e3f3267fa1e7d36e49600cd6dcddf024a959a0411971bd3e4d7ba4c2d16d87",
                "sha256:9ccac1544b959bc6ea9ff34e615ef92a7ecde85a3482efc8271973d899085b63",
                "sha256:a08c406d1a5e2ce34d79ff98d1125729623cd8f7e76e28ab60891f1410921b07",
                "sha256:a51a91962966efe8872b624ec38dae556c50ca3a4a179dbb322f930146760890",
                "sha256:a57f32a2f09ed61800e687aec0b2eebb095499116f50eff99e27e03ed9a8d776",
                "sha256:a6c22b0a7e1c9d61803ec675db1bf14327c68bb08f4d151431dfef5dbebe4261",
                "sha256:b6cf9c210766664b63b034da65845c40fecc3c157bd2832ec3f4fe7e0bb6c2e3",
                "sha256:baad5cdde7eadceba942fd65aefcdb0ab07e4f0c2771775382a2205125243b95",
                "sha256:c2f377c0106cff9d349e18abd27af3cf8379ee28a8b297075c68fc486ec5a890",
                "sha256:d33d4ffd465ba041136c6c2c46c2dc2da4b0b6a8806a4c06aebbb1c32a2e6383",
                "sha256:dc92a68096d4ef16c041f5d3e6c10d35f391f795a4cb28c5f58813d3031c626f",
                "sha256:de009e7077c56e3f5d1369e0bd66377e2b53d6705790193c595fc7befd95a491",
                "sha256:e24fb802b0ea28eb0a37367287466b98d9599a5d771a5b0091e81102155f542c",
                "sha256:ee26d2d7e7e300f76ba7b796014c04011394d0c4a5ed9a288264a3e443abca50",
                "sha256:f466cd795d0667b278752b9822565f74da5283fcb4325a065cd39f3f3efb00eb",
                "sha256:f4d4d84e30413690ff199867f20f0035ed9c87a07f7568bc5b5f726f22d879a0",
                "sha256:ff04a7672239ac913c1a0a320748b612f39c4f5f58ae103888bc8feb771d6942"
            ],
            "index": "pypi",
            "version": "==4.0.0"
        },
        "psutil": {
            "hashes": [
                "sha256:0613437cc28b8721de92c582d5baf742dfa6dd824c84b578f8c49a60077e969a",
                "sha256:38f74182fb9e15cafd0cdf0821098a95cc17301807aed25634a18b66537ba51b",
                "sha256:3b377bc8ba5e62adbc709a90ea07dce2d4addbd6e1cc7acede61ddfa1c66e00a",
                "sha256:4690f720054beff4fc66551a6a34512faff328588dca8e2dbed94398b6941112",
                "sha256:6b3882eb16f2f40f1da6208a051800abadb1f82a675d9ef6ca7386e1a208b1ad",
                "sha256:733210f39e95744da26f2256bc36035fc463b0ae88e91496e97486ba21c63cab",
                "sha256:9ab5b62c6571ce545b1c40b9740af81276bd5d94439fd54de07ed59be0ce3f4f",
                "sha256:aa05f44a77ef83773af39446f99e461aa3b6edb7fdabeefdcf06e913d8884d3a",
                "sha256:ad8857923e9bc5802d5559ab5d70c1abc1a7be8e74e779adde883c5391e2061c",
                "sha256:ae20b76cddb3391ea37de5d2aaa1656d6373161bbc8fd868a0ca055194a46e45",
                "sha256:afa94bed972722882264a4df06176f6b6e6acc6bcebcc3f1db5428c7271dacba",
                "sha256:b0c5bf0d2a29a6f18ac22e2d24210730dca458c9f961914289c9e027ccb5ae43",
                "sha256:c2031732cd0fb7536af491bb8d8119c9263020a52450f9999c884fd49d346b26",
                "sha256:cf1be0b16b38f0e2081ff0c81a1a4321c206a824ba6bd51903fdd440abb370b6",
                "sha256:d2254f518624e6b2262f0f878931faa4bdbe8a77d1f8826564bc4576c6a4f85e",
                "sha256:fc78c29075e623b6ea1c4a1620a120a1534ee05370b76c0ec96f6d161d79e7a1",
                "sha256:fd9b66edb9f8943eda6b39e7bb9bff8b14aa8d785f5b417d7a0bfa53d4781a7a"
            ],
            "index": "pypi",
            "version": "==4.3.1"
        },
        "psycopg2": {
            "hashes": [
                "sha256:04a5b2805c620ddecdff33e015631cc8d7ea8dd01e1fcc930bfe002fdc26b9e0",
                "sha256:0bd0b1cf81eb6d74a77199570d5ce097fb3c6b8e57acc1edd328cef5c552f98a",
                "sha256:16482d050db68503abbb693795d75e9fca287a00f662376759825404533ca87c",
                "sha256:279dbf220c94c9f73aefac719ea3b9550ca791389bc9184c15e835516bc8428d",
                "sha256:35d1fec112337c2607c8ca17dee3c2f8455e07dd69d140ff8e86ef1240dace3d",
                "sha256:39369e40bc3e062da5da93ce5f1e7f9bed95e9a60cb6f003d316f2a834722e2d",
                "sha256:3ab693b907b2c7a34c1dca198cfc454516cfd75440fd913bb372da6f70d6db55",
                "sha256:3c99c88216e0fc62113a1177aae9db18a533274370e99a4537b433b87b319360",
                "sha256:3fbba0dd7f3ac458f355dcfc4d7d9cd082c19748e453bcd81bf9d8bc14260c01",
                "sha256:471e3140e1cb241ecb53602cdc98fe305b82c854cfa53c3e343d642683dc96c7",
                "sha256:4cca242df228364b4de6241c54553301856bc253d7f21e15009b11c812eb7b5c",
                "sha256:4d7c872d9c85745964cf8efabba3fb1a6010b345c18d0e2b620509f0444aa729",
                "sha256:4db0de7d6236acbf7d020926489b6c4b98e845ba98df11057f22d54866e26b20",
                "sha256:4fbe2c29f6d4c8d9eac5fc3c42c42036e7cc58e225036130b7713afa72489aac",
                "sha256:604c49bf196c654c417ade1dc765bd23fe9bc3392d9a8c7184a7077142d621b3",
                "sha256:6194e81d8839b636118f5275c53be3c70eb3c3abcf836de675c34b20c06025ea",
                "sha256:891a70235c202158780fc0ab98d7ca2a7ed1625c26725b15119d47b2d852a5c6",
                "sha256:8d2003d23d8fc59f0f0a2e73c13baa41581006b8227a9d82bbdc1aa233285ba4",
                "sha256:99a298b9030f8fd36f885c5d0661e4d5a059136a541bb6c4d7d1100e38da3cd1",
                "sha256:9a0a74a6f20d82c389095c88d4d281e66eb3ffbc09adf543dcec4bec22436569",
                "sha256:9b7b16e26448b43cf167f785d8b5345007731ebf153a510e12dae826800caa65",
                "sha256:a4d7134058e8869d785c0be386cd702fe2a4be14b678d7571a51045e1bbad862",
                "sha256:b7646f7bdb42ba3cf7ef9f500f6514b5e413d25c5b3093d70e6ba52df417a83c",
                "sha256:c939b238cbc18e786909d20277c9f051241696ebb03ca9e3490094f526ce69a7",
                "sha256:df70e0a387b0145a7a80de67d43d84e1c5a24a33bbfaedb96271876d573e5fb6",
                "sha256:e26aca5eb272869fdf8e55111f36026517c1c0799eb7ef1ddf67d4412affe1ef",
                "sha256:e80a1ae04218e854a5d71085f9498c8c979033ca855cedeed3afc5d976c348ce",
                "sha256:ebee4f59803eda1ed4035649469a713818dbf5b6de2e12396edd9fa228727c20",
                "sha256:f07791ee5793621bfaaa844f731529cd72321280f94e8dc3bd4ef524d20f58f2",
                "sha256:f74e50341f45fb9bcd3598c11b5774c3e4349ee38cf15c342cc7075c73ef1f95",
                "sha256:face605eea5826fa36600c04447b61674992bbd5eb177f66f86f61a04436dbd9"
            ],
            "index": "pypi",
            "version": "==2.7.3.1"
        },
        "pydot": {
            "hashes": [
                "sha256:edb5d3f249f97fbd9c4bb16959e61bc32ecf40eee1a9f6d27abe8d01c0a73502"
            ],
            "index": "pypi",
            "version": "==1.2.3"
        },
        "pyldap": {
            "hashes": [
                "sha256:d38f31018f0c15925f50aec39f7255c15463f98797af53931e0e2a9ac21f6661"
            ],
            "index": "pypi",
            "version": "==2.4.28"
        },
        "pyparsing": {
            "hashes": [
                "sha256:0aa6e8d8c3f9c447a95a33bb04b103ead630121c3f4233e2980348cecf8b69c8",
                "sha256:0fef8411ad305909b1a679471d66f25ef4477f24666598deceb4bb640c2eb6c2",
                "sha256:4fa446b1c36509e75d883a1a552b51dda9b82bfd914a24ded17ceb5d90b53cc5",
                "sha256:67101d7acee692962f33dd30b5dce079ff532dd9aa99ff48d52a3dad51d2fe84",
                "sha256:811c3e7b0031021137fc83e051795025fcb98674d07eb8fe922ba4de53d39188",
                "sha256:a00f6e57bf4e2b3d999223d36c14d839f12145d5b1f12126124424e8c43d856e",
                "sha256:a163f9079b84da728e4967e3f36476ed168d86b2fc2f49c6e609125600f9d60b",
                "sha256:a27bf672302765ab04ed5c976dd44c55c0702f7a25a5e5e78bc91207d5b07da4"
            ],
            "index": "pypi",
            "version": "==2.1.10"
        },
        "pypdf2": {
            "hashes": [
                "sha256:e28f902f2f0a1603ea95ebe21dff311ef09be3d0f0ef29a3e44a932729564385"
            ],
            "index": "pypi",
            "version": "==1.26.0"
        },
        "pypiwin32": {
            "hashes": [
                "sha256:67adf399debc1d5d14dffc1ab5acacb800da569754fafdc576b2a039485aa775",
                "sha256:71be40c1fbd28594214ecaecb58e7aa8b708eabfa0125c8a109ebd51edbd776a"
            ],
            "index": "pypi",
            "version": "==223"
        },
        "pyserial": {
            "hashes": [
                "sha256:b4fcd6a7d329c844781df80fb06a4a9e21f3ac5623a687a975cbce8a8e4a82d2",
                "sha256:d657051249ce3cbd0446bcfb2be07a435e1029da4d63f53ed9b4cdde7373364c"
            ],
            "index": "pypi",
            "version": "==3.1.1"
        },
        "python-dateutil": {
            "hashes": [
                "sha256:1408fdb07c6a1fa9997567ce3fcee6a337b39a503d80699e0f213de4aa4b32ed",
                "sha256:598499a75be2e5e18a66f12c00dd47a069de24794effeda4228bfc760f44f527",
                "sha256:9d94861f04ce14f9a3d835206067c889b8f1244f1415035dadcf9c10066adf04"
            ],
            "index": "pypi",
            "version": "==2.5.3"
        },
        "python-stdnum": {
            "hashes": [
                "sha256:7ad8acb21cf279aa7abe047653e47357c04bf5cd6b191e6659d32b9b8401a1b9",
                "sha256:d587a520182f9d8aef7659cca429f4382881589c8883a0a55322b2f94970bdb3"
            ],
            "version": "==1.9"
        },
        "pytz": {
            "hashes": [
                "sha256:054d9814d00254571cff84f6faedb25c046008322cbe51a6d5664c912b4f2929",
                "sha256:1fb6744706e5d75efb255ccbe8573c8358ae566d9230e4c836dd1c06eb8e4c4c",
                "sha256:2ff2e244773d7e11c3892f3c2d23701d8ee8db2b33f1d7f49e9c8087ac86fef0",
                "sha256:6335852904b372c332eb117bd4040cb8038088b29d1e15185ce21b238cc038f1",
                "sha256:6eab31709e3a4aea748457707da45e805b650cbb352583805d2417de2a1dd71e",
                "sha256:74637ce79cc9ba2c54e4e6009369dcbc0693912616edcb589f428c68c5388169",
                "sha256:8787de03f35f31699bcaf127e56ad14c00647965ed24d72dbaca87c6e4f843a3",
                "sha256:8ccc359571bd77c6720b15bed8434681ef4e2ff59a47a39dc83fa36f36659d73",
                "sha256:a7bfa766bc70adb72f32476c7e5d8fd911c569beb75f192271743a166be4a218",
                "sha256:ac50f623d13bf448fd844f1ec269f63afc97f328b792f713918c9af3e83e1d19",
                "sha256:c6fe748ed6c676d9404b47897cfb399c514fb7428298465c8a3310ee5a2a0ec9",
                "sha256:cfe881048e0bcb348b901bc1972a54b5e5389274315acbe9384d68569b8ed1f9",
                "sha256:e16a04228fa684f14e5b4c9cd8057a28c5ec08c1a58890d2f4c30f5bf62ffbf9"
            ],
            "index": "pypi",
            "version": "==2016.7"
        },
        "pyusb": {
            "hashes": [
                "sha256:5b34ffa74ac34f330bff949c94ee00ec4a9d147234db17ee2eed2a67c0275368"
            ],
            "index": "pypi",
            "version": "==1.0.0"
        },
        "pywin32": {
            "hashes": [
                "sha256:0df9b008caef10af0d674c483316c28dcf78391332d9d5d380fab667ebf2d7d1",
                "sha256:249391eb924b8376826e6f84d143d1dcc0e400b238b511d5fbd3811f6ed9ad50",
                "sha256:42f48567e36b787901ff3da20de5a134cd9880cc90832e2aad60951f058699f0",
                "sha256:9eff897796c9d76a213134257a01b6f8a122c55e0772847fba313a8091f3ec44",
                "sha256:c7ea0deabcc324e5b74084b5452003109c592d1aedbe9e9289ed55b26d9b0c7f",
                "sha256:da422d4067d98b49fbb19d851900a5fc38c61eab0ee803574c27c42309173ebe",
                "sha256:f0f0e7c82ee334dd6e888b9b5beb05fd8947355fa7a15644c810bb4ea0079ca6",
                "sha256:fb3c85907918fd01a72ee146d323d220771dee151c0cfa5630c2f35797ffb116"
            ],
            "version": "==223"
        },
        "pyyaml": {
            "hashes": [
                "sha256:0c507b7f74b3d2dd4d1322ec8a94794927305ab4cebbe89cc47fe5e81541e6e8",
                "sha256:16b20e970597e051997d90dc2cddc713a2876c47e3d92d59ee198700c5427736",
                "sha256:3262c96a1ca437e7e4763e2843746588a965426550f3797a79fca9c6199c431f",
                "sha256:326420cbb492172dec84b0f65c80942de6cedb5233c413dd824483989c000608",
                "sha256:4474f8ea030b5127225b8894d626bb66c01cda098d47a2b0d3429b6700af9fd8",
                "sha256:592766c6303207a20efc445587778322d7f73b161bd994f227adaa341ba212ab",
                "sha256:5ac82e411044fb129bae5cfbeb3ba626acb2af31a8d17d175004b70862a741a7",
                "sha256:5f84523c076ad14ff5e6c037fe1c89a7f73a3e04cf0377cb4d017014976433f3",
                "sha256:827dc04b8fa7d07c44de11fabbc888e627fa8293b695e0f99cb544fdfa1bf0d1",
                "sha256:b4c423ab23291d3945ac61346feeb9a0dc4184999ede5e7c43e1ffb975130ae6",
                "sha256:bc6bced57f826ca7cb5125a10b23fd0f2fff3b7c4701d64c439a300ce665fff8",
                "sha256:c01b880ec30b5a6e6aa67b09a2fe3fb30473008c85cd6a67359a1b15ed6d83a4",
                "sha256:ca233c64c6e40eaa6c66ef97058cdc80e8d0157a443655baa1b2966e812807ca",
                "sha256:e863072cdf4c72eebf179342c94e6989c67185842d9997960b3e69290b2fa269"
            ],
            "index": "pypi",
            "version": "==3.12"
        },
        "qrcode": {
            "hashes": [
                "sha256:4115ccee832620df16b659d4653568331015c718a754855caf5930805d76924e",
                "sha256:60222a612b83231ed99e6cb36e55311227c395d0d0f62e41bb51ebbb84a9a22b"
            ],
            "index": "pypi",
            "version": "==5.3"
        },
        "reportlab": {
            "hashes": [
                "sha256:343ea8083cd964d026c579071b0bff079e043c8db8ee094127c12e28daa0e1d0",
                "sha256:4da11cd1e1407aa3fed5198aa5edfa4fb28c11f3b7cd3300330584ae4cfdb213",
                "sha256:52e7f1b1fddc090bbfdb81076a9d5c56ed0d6e64c6cc244a06fb3a43620b3d47",
                "sha256:5e43daa9e0aa0bf039059534ada27078a225a9dc79c881b76c7a3da2fc8f3122",
                "sha256:8a98135473944e8dfb505c33cc1b868d6eba25aefea42260d99e5bf51670112d",
                "sha256:96db4db47652a3c848afb3c26438eea2d6b9827ae17ebff5e76dd01c491b8e2a",
                "sha256:d932b66885aed7564672cc0750c75d1399495165bea205ecb4b2426bbd68514c",
                "sha256:f48900b9321bcb2871a46543993bd995148d769a11a9e24495f25b4ec0bbe267",
                "sha256:fe0acf7463ac28e231d11a387a1f8dd50b7984c630eccef0c4299c55d16b77b3"
            ],
            "index": "pypi",
            "version": "==3.3.0"
        },
        "requests": {
            "hashes": [
                "sha256:545c4855cd9d7c12671444326337013766f4eea6068c3f0307fb2dc2696d580e",
                "sha256:5acf980358283faba0b897c73959cecf8b841205bb4b2ad3ef545f46eae1a133"
            ],
            "index": "pypi",
            "version": "==2.11.1"
        },
        "six": {
            "hashes": [
                "sha256:70e8a77beed4562e7f14fe23a786b54f6296e34344c23bc42f07b15018ff98e9",
                "sha256:832dc0e10feb1aa2c68dcc57dbb658f1c7e65b9b61af69048abc87a2db00a0eb"
            ],
            "version": "==1.11.0"
        },
        "suds-jurko": {
            "hashes": [
                "sha256:1cb7252cb13018fc32887c3a834ed7c6648a5b5c4c159be5806da2e1785399e8",
                "sha256:29edb72fd21e3044093d86f33c66cf847c5aaab26d64cb90e69e528ef014e57f"
            ],
            "index": "pypi",
            "version": "==0.6"
        },
        "vatnumber": {
            "hashes": [
                "sha256:4e9e9cabcff6076d8deb8a347edfd5d0ab8cab1ed344fdbe5dd4a6110a2f2c7b"
            ],
            "index": "pypi",
            "version": "==1.2"
        },
        "vobject": {
            "hashes": [
                "sha256:10b150b87ee5fffefd3aa1ea12f31aab45a7b7d010d1ce6816afaff8db726520"
            ],
            "index": "pypi",
            "version": "==0.9.3"
        },
        "werkzeug": {
            "hashes": [
                "sha256:455d7798ac263266dbd38d4841f7534dd35ca9c3da4a8df303f8488f38f3bcc0",
                "sha256:c6f6f89124df0514d886782c658c3e12f2caaa94da34cee3fd82eebf4ebf052b"
            ],
            "index": "pypi",
            "version": "==0.11.15"
        },
        "xlrd": {
            "hashes": [
                "sha256:05f55eb39a68f1c3d336de186aeb90c98ea5add722813738d8ae8b97819c5924",
                "sha256:0ff87dd5d50425084f7219cb6f86bb3eb5aa29063f53d50bf270ed007e941069"
            ],
            "index": "pypi",
            "version": "==1.0.0"
        },
        "xlsxwriter": {
            "hashes": [
                "sha256:19d2b5c0dd4d5fc00e8d7f164795f50e885b20d1cc27a3d04d5c7fec3c4d57f6",
                "sha256:59f50a2135afcf53804c46ae4f849ca9751963d729a330767834aee9ff9525e4"
            ],
            "index": "pypi",
            "version": "==0.9.3"
        },
        "xlwt": {
            "hashes": [
                "sha256:a082260524678ba48a297d922cc385f58278b8aa68741596a87de01a9c628b2e",
                "sha256:c59912717a9b28f1a3c2a98fd60741014b06b043936dcecbc113eaaada156c88"
            ],
            "index": "pypi",
            "version": "==1.3.0"
        }
    },
    "develop": {}
}
