
Microsoft Visual Studio Solution File, Format Version 11.00
# Visual Studio 2010
Project("{FAE04EC0-301F-11D3-BF4B-00C04F79EFBC}") = "OpenERPOutlookPlugin", "OpenERPOutlookPlugin\OpenERPOutlookPlugin.csproj", "{F4B2219B-F235-400F-81B4-92F15250BBA4}"
EndProject
Project("{54435603-DBB4-11D2-8724-00A0C9A8B90C}") = "OpenERPOutlookPluginSetup", "OpenERPOutlookPluginSetup\OpenERPOutlookPluginSetup.vdproj", "{96333293-0156-4998-9065-42721CEB0368}"
EndProject
Project("{FAE04EC0-301F-11D3-BF4B-00C04F79EFBC}") = "OpenERPClient", "OpenERPClient\OpenERPClient.csproj", "{8E62B8DF-E3A2-4429-A820-FB8A31C2EB00}"
EndProject
Global
	GlobalSection(SolutionConfigurationPlatforms) = preSolution
		Debug|Any CPU = Debug|Any CPU
		Release|Any CPU = Release|Any CPU
	EndGlobalSection
	GlobalSection(ProjectConfigurationPlatforms) = postSolution
		{F4B2219B-F235-400F-81B4-92F15250BBA4}.Debug|Any CPU.ActiveCfg = Debug|Any CPU
		{F4B2219B-F235-400F-81B4-92F15250BBA4}.Debug|Any CPU.Build.0 = Debug|Any CPU
		{F4B2219B-F235-400F-81B4-92F15250BBA4}.Release|Any CPU.ActiveCfg = Release|Any CPU
		{F4B2219B-F235-400F-81B4-92F15250BBA4}.Release|Any CPU.Build.0 = Release|Any CPU
		{96333293-0156-4998-9065-42721CEB0368}.Debug|Any CPU.ActiveCfg = Debug
		{96333293-0156-4998-9065-42721CEB0368}.Release|Any CPU.ActiveCfg = Release
		{8E62B8DF-E3A2-4429-A820-FB8A31C2EB00}.Debug|Any CPU.ActiveCfg = Debug|Any CPU
		{8E62B8DF-E3A2-4429-A820-FB8A31C2EB00}.Debug|Any CPU.Build.0 = Debug|Any CPU
		{8E62B8DF-E3A2-4429-A820-FB8A31C2EB00}.Release|Any CPU.ActiveCfg = Release|Any CPU
		{8E62B8DF-E3A2-4429-A820-FB8A31C2EB00}.Release|Any CPU.Build.0 = Release|Any CPU
	EndGlobalSection
	GlobalSection(SolutionProperties) = preSolution
		HideSolutionNode = FALSE
	EndGlobalSection
EndGlobal
